// !$*UTF8*$!
{
	archiveVersion = 1;
	classes = {
	};
	objectVersion = 50;
	objects = {

/* Begin PBXBuildFile section */
		3139B99022D0981C0093FCEA /* UITabBarController+some.swift in Sources */ = {isa = PBXBuildFile; fileRef = 3139B98F22D0981C0093FCEA /* UITabBarController+some.swift */; };
		3139B99322D09AD80093FCEA /* TranslateService.swift in Sources */ = {isa = PBXBuildFile; fileRef = 3139B99222D09AD80093FCEA /* TranslateService.swift */; };
		3152540022CCC00A000F6A8C /* AppDelegate.swift in Sources */ = {isa = PBXBuildFile; fileRef = 315253FF22CCC00A000F6A8C /* AppDelegate.swift */; };
		3152540222CCC00A000F6A8C /* TranslateViewController.swift in Sources */ = {isa = PBXBuildFile; fileRef = 3152540122CCC00A000F6A8C /* TranslateViewController.swift */; };
		3152540522CCC00A000F6A8C /* Main.storyboard in Resources */ = {isa = PBXBuildFile; fileRef = 3152540322CCC00A000F6A8C /* Main.storyboard */; };
		3152540822CCC00A000F6A8C /* SberbankTest.xcdatamodeld in Sources */ = {isa = PBXBuildFile; fileRef = 3152540622CCC00A000F6A8C /* SberbankTest.xcdatamodeld */; };
		3152540A22CCC00B000F6A8C /* Assets.xcassets in Resources */ = {isa = PBXBuildFile; fileRef = 3152540922CCC00B000F6A8C /* Assets.xcassets */; };
		3152540D22CCC00B000F6A8C /* LaunchScreen.storyboard in Resources */ = {isa = PBXBuildFile; fileRef = 3152540B22CCC00B000F6A8C /* LaunchScreen.storyboard */; };
		3152541E22CCD0EE000F6A8C /* HistoryViewController.swift in Sources */ = {isa = PBXBuildFile; fileRef = 3152541D22CCD0EE000F6A8C /* HistoryViewController.swift */; };
		3152542122CCD25D000F6A8C /* SettingsViewController.swift in Sources */ = {isa = PBXBuildFile; fileRef = 3152542022CCD25D000F6A8C /* SettingsViewController.swift */; };
		3152542322CCDCA2000F6A8C /* Extensions.swift in Sources */ = {isa = PBXBuildFile; fileRef = 3152542222CCDCA2000F6A8C /* Extensions.swift */; };
		3152542522CCE027000F6A8C /* Dependencies.swift in Sources */ = {isa = PBXBuildFile; fileRef = 3152542422CCE027000F6A8C /* Dependencies.swift */; };
		3152542822CCE211000F6A8C /* RootRouter.swift in Sources */ = {isa = PBXBuildFile; fileRef = 3152542722CCE211000F6A8C /* RootRouter.swift */; };
		3152542B22CCE487000F6A8C /* MainTabBarProtocol.swift in Sources */ = {isa = PBXBuildFile; fileRef = 3152542A22CCE487000F6A8C /* MainTabBarProtocol.swift */; };
		3152543B22CCEAB4000F6A8C /* TranslateRouter.swift in Sources */ = {isa = PBXBuildFile; fileRef = 3152543A22CCEAB4000F6A8C /* TranslateRouter.swift */; };
		3152543D22CD0798000F6A8C /* HistoryRouter.swift in Sources */ = {isa = PBXBuildFile; fileRef = 3152543C22CD0798000F6A8C /* HistoryRouter.swift */; };
		3152544122CD08C4000F6A8C /* SettingsRouter.swift in Sources */ = {isa = PBXBuildFile; fileRef = 3152544022CD08C4000F6A8C /* SettingsRouter.swift */; };
		3152544622CD0CA9000F6A8C /* TabBarRouter.swift in Sources */ = {isa = PBXBuildFile; fileRef = 3152544522CD0CA9000F6A8C /* TabBarRouter.swift */; };
		3152544A22CD107F000F6A8C /* TabBarProtocols.swift in Sources */ = {isa = PBXBuildFile; fileRef = 3152544922CD107F000F6A8C /* TabBarProtocols.swift */; };
		3152544C22CD1217000F6A8C /* TabBarView.swift in Sources */ = {isa = PBXBuildFile; fileRef = 3152544B22CD1217000F6A8C /* TabBarView.swift */; };
		3152544E22CD12F1000F6A8C /* TabBarPresenter.swift in Sources */ = {isa = PBXBuildFile; fileRef = 3152544D22CD12F1000F6A8C /* TabBarPresenter.swift */; };
		3152545022CD14B1000F6A8C /* TabBarInteractor.swift in Sources */ = {isa = PBXBuildFile; fileRef = 3152544F22CD14B1000F6A8C /* TabBarInteractor.swift */; };
		3152545622CD1ECE000F6A8C /* TranslateInteractor.swift in Sources */ = {isa = PBXBuildFile; fileRef = 3152545522CD1ECE000F6A8C /* TranslateInteractor.swift */; };
		3152545822CD1EE9000F6A8C /* TranslatePresenter.swift in Sources */ = {isa = PBXBuildFile; fileRef = 3152545722CD1EE9000F6A8C /* TranslatePresenter.swift */; };
		3152545A22CD1F91000F6A8C /* TranslateProtocols.swift in Sources */ = {isa = PBXBuildFile; fileRef = 3152545922CD1F91000F6A8C /* TranslateProtocols.swift */; };
		3152545C22CD249F000F6A8C /* HistoryPresenter.swift in Sources */ = {isa = PBXBuildFile; fileRef = 3152545B22CD249F000F6A8C /* HistoryPresenter.swift */; };
		3152545E22CD24B3000F6A8C /* HistoryInteractor.swift in Sources */ = {isa = PBXBuildFile; fileRef = 3152545D22CD24B3000F6A8C /* HistoryInteractor.swift */; };
		3152546022CD2512000F6A8C /* HistoryProtocols.swift in Sources */ = {isa = PBXBuildFile; fileRef = 3152545F22CD2512000F6A8C /* HistoryProtocols.swift */; };
		3152546222CD2DF9000F6A8C /* SettingsProtocols.swift in Sources */ = {isa = PBXBuildFile; fileRef = 3152546122CD2DF9000F6A8C /* SettingsProtocols.swift */; };
		3152546422CD2E6D000F6A8C /* SettingsInteractor.swift in Sources */ = {isa = PBXBuildFile; fileRef = 3152546322CD2E6D000F6A8C /* SettingsInteractor.swift */; };
		3152546622CD2E7E000F6A8C /* SettingsPresenter.swift in Sources */ = {isa = PBXBuildFile; fileRef = 3152546522CD2E7E000F6A8C /* SettingsPresenter.swift */; };
		3152546922CD5038000F6A8C /* TextResponse.swift in Sources */ = {isa = PBXBuildFile; fileRef = 3152546822CD5038000F6A8C /* TextResponse.swift */; };
		3152546B22CD50C5000F6A8C /* Entities.swift in Sources */ = {isa = PBXBuildFile; fileRef = 3152546A22CD50C5000F6A8C /* Entities.swift */; };
		3152546D22CE8484000F6A8C /* CoreDataContainer.swift in Sources */ = {isa = PBXBuildFile; fileRef = 3152546C22CE8484000F6A8C /* CoreDataContainer.swift */; };
		3152546F22CEB4DB000F6A8C /* HistoryCell.swift in Sources */ = {isa = PBXBuildFile; fileRef = 3152546E22CEB4DB000F6A8C /* HistoryCell.swift */; };
/* End PBXBuildFile section */

/* Begin PBXFileReference section */
		3139B98F22D0981C0093FCEA /* UITabBarController+some.swift */ = {isa = PBXFileReference; lastKnownFileType = sourcecode.swift; path = "UITabBarController+some.swift"; sourceTree = "<group>"; };
		3139B99222D09AD80093FCEA /* TranslateService.swift */ = {isa = PBXFileReference; lastKnownFileType = sourcecode.swift; path = TranslateService.swift; sourceTree = "<group>"; };
		315253FC22CCC00A000F6A8C /* SberbankTest.app */ = {isa = PBXFileReference; explicitFileType = wrapper.application; includeInIndex = 0; path = SberbankTest.app; sourceTree = BUILT_PRODUCTS_DIR; };
		315253FF22CCC00A000F6A8C /* AppDelegate.swift */ = {isa = PBXFileReference; lastKnownFileType = sourcecode.swift; path = AppDelegate.swift; sourceTree = "<group>"; };
		3152540122CCC00A000F6A8C /* TranslateViewController.swift */ = {isa = PBXFileReference; lastKnownFileType = sourcecode.swift; path = TranslateViewController.swift; sourceTree = "<group>"; };
		3152540422CCC00A000F6A8C /* Base */ = {isa = PBXFileReference; lastKnownFileType = file.storyboard; name = Base; path = Base.lproj/Main.storyboard; sourceTree = "<group>"; };
		3152540722CCC00A000F6A8C /* SberbankTest.xcdatamodel */ = {isa = PBXFileReference; lastKnownFileType = wrapper.xcdatamodel; path = SberbankTest.xcdatamodel; sourceTree = "<group>"; };
		3152540922CCC00B000F6A8C /* Assets.xcassets */ = {isa = PBXFileReference; lastKnownFileType = folder.assetcatalog; path = Assets.xcassets; sourceTree = "<group>"; };
		3152540C22CCC00B000F6A8C /* Base */ = {isa = PBXFileReference; lastKnownFileType = file.storyboard; name = Base; path = Base.lproj/LaunchScreen.storyboard; sourceTree = "<group>"; };
		3152540E22CCC00B000F6A8C /* Info.plist */ = {isa = PBXFileReference; lastKnownFileType = text.plist.xml; path = Info.plist; sourceTree = "<group>"; };
		3152541D22CCD0EE000F6A8C /* HistoryViewController.swift */ = {isa = PBXFileReference; lastKnownFileType = sourcecode.swift; path = HistoryViewController.swift; sourceTree = "<group>"; };
		3152542022CCD25D000F6A8C /* SettingsViewController.swift */ = {isa = PBXFileReference; lastKnownFileType = sourcecode.swift; path = SettingsViewController.swift; sourceTree = "<group>"; };
		3152542222CCDCA2000F6A8C /* Extensions.swift */ = {isa = PBXFileReference; lastKnownFileType = sourcecode.swift; path = Extensions.swift; sourceTree = "<group>"; };
		3152542422CCE027000F6A8C /* Dependencies.swift */ = {isa = PBXFileReference; lastKnownFileType = sourcecode.swift; path = Dependencies.swift; sourceTree = "<group>"; };
		3152542722CCE211000F6A8C /* RootRouter.swift */ = {isa = PBXFileReference; lastKnownFileType = sourcecode.swift; path = RootRouter.swift; sourceTree = "<group>"; };
		3152542A22CCE487000F6A8C /* MainTabBarProtocol.swift */ = {isa = PBXFileReference; lastKnownFileType = sourcecode.swift; path = MainTabBarProtocol.swift; sourceTree = "<group>"; };
		3152543A22CCEAB4000F6A8C /* TranslateRouter.swift */ = {isa = PBXFileReference; lastKnownFileType = sourcecode.swift; path = TranslateRouter.swift; sourceTree = "<group>"; };
		3152543C22CD0798000F6A8C /* HistoryRouter.swift */ = {isa = PBXFileReference; lastKnownFileType = sourcecode.swift; path = HistoryRouter.swift; sourceTree = "<group>"; };
		3152544022CD08C4000F6A8C /* SettingsRouter.swift */ = {isa = PBXFileReference; lastKnownFileType = sourcecode.swift; path = SettingsRouter.swift; sourceTree = "<group>"; };
		3152544522CD0CA9000F6A8C /* TabBarRouter.swift */ = {isa = PBXFileReference; lastKnownFileType = sourcecode.swift; path = TabBarRouter.swift; sourceTree = "<group>"; };
		3152544922CD107F000F6A8C /* TabBarProtocols.swift */ = {isa = PBXFileReference; lastKnownFileType = sourcecode.swift; path = TabBarProtocols.swift; sourceTree = "<group>"; };
		3152544B22CD1217000F6A8C /* TabBarView.swift */ = {isa = PBXFileReference; lastKnownFileType = sourcecode.swift; path = TabBarView.swift; sourceTree = "<group>"; };
		3152544D22CD12F1000F6A8C /* TabBarPresenter.swift */ = {isa = PBXFileReference; lastKnownFileType = sourcecode.swift; path = TabBarPresenter.swift; sourceTree = "<group>"; };
		3152544F22CD14B1000F6A8C /* TabBarInteractor.swift */ = {isa = PBXFileReference; lastKnownFileType = sourcecode.swift; path = TabBarInteractor.swift; sourceTree = "<group>"; };
		3152545522CD1ECE000F6A8C /* TranslateInteractor.swift */ = {isa = PBXFileReference; lastKnownFileType = sourcecode.swift; path = TranslateInteractor.swift; sourceTree = "<group>"; };
		3152545722CD1EE9000F6A8C /* TranslatePresenter.swift */ = {isa = PBXFileReference; lastKnownFileType = sourcecode.swift; path = TranslatePresenter.swift; sourceTree = "<group>"; };
		3152545922CD1F91000F6A8C /* TranslateProtocols.swift */ = {isa = PBXFileReference; lastKnownFileType = sourcecode.swift; path = TranslateProtocols.swift; sourceTree = "<group>"; };
		3152545B22CD249F000F6A8C /* HistoryPresenter.swift */ = {isa = PBXFileReference; lastKnownFileType = sourcecode.swift; path = HistoryPresenter.swift; sourceTree = "<group>"; };
		3152545D22CD24B3000F6A8C /* HistoryInteractor.swift */ = {isa = PBXFileReference; lastKnownFileType = sourcecode.swift; path = HistoryInteractor.swift; sourceTree = "<group>"; };
		3152545F22CD2512000F6A8C /* HistoryProtocols.swift */ = {isa = PBXFileReference; lastKnownFileType = sourcecode.swift; path = HistoryProtocols.swift; sourceTree = "<group>"; };
		3152546122CD2DF9000F6A8C /* SettingsProtocols.swift */ = {isa = PBXFileReference; lastKnownFileType = sourcecode.swift; path = SettingsProtocols.swift; sourceTree = "<group>"; };
		3152546322CD2E6D000F6A8C /* SettingsInteractor.swift */ = {isa = PBXFileReference; lastKnownFileType = sourcecode.swift; path = SettingsInteractor.swift; sourceTree = "<group>"; };
		3152546522CD2E7E000F6A8C /* SettingsPresenter.swift */ = {isa = PBXFileReference; lastKnownFileType = sourcecode.swift; path = SettingsPresenter.swift; sourceTree = "<group>"; };
		3152546822CD5038000F6A8C /* TextResponse.swift */ = {isa = PBXFileReference; lastKnownFileType = sourcecode.swift; path = TextResponse.swift; sourceTree = "<group>"; };
		3152546A22CD50C5000F6A8C /* Entities.swift */ = {isa = PBXFileReference; lastKnownFileType = sourcecode.swift; path = Entities.swift; sourceTree = "<group>"; };
		3152546C22CE8484000F6A8C /* CoreDataContainer.swift */ = {isa = PBXFileReference; lastKnownFileType = sourcecode.swift; path = CoreDataContainer.swift; sourceTree = "<group>"; };
		3152546E22CEB4DB000F6A8C /* HistoryCell.swift */ = {isa = PBXFileReference; lastKnownFileType = sourcecode.swift; path = HistoryCell.swift; sourceTree = "<group>"; };
/* End PBXFileReference section */

/* Begin PBXFrameworksBuildPhase section */
		315253F922CCC00A000F6A8C /* Frameworks */ = {
			isa = PBXFrameworksBuildPhase;
			buildActionMask = 2147483647;
			files = (
			);
			runOnlyForDeploymentPostprocessing = 0;
		};
/* End PBXFrameworksBuildPhase section */

/* Begin PBXGroup section */
		3139B99122D098AC0093FCEA /* Services */ = {
			isa = PBXGroup;
			children = (
				3139B99222D09AD80093FCEA /* TranslateService.swift */,
			);
			path = Services;
			sourceTree = "<group>";
		};
		315253F322CCC00A000F6A8C = {
			isa = PBXGroup;
			children = (
				315253FE22CCC00A000F6A8C /* SberbankTest */,
				315253FD22CCC00A000F6A8C /* Products */,
			);
			sourceTree = "<group>";
		};
		315253FD22CCC00A000F6A8C /* Products */ = {
			isa = PBXGroup;
			children = (
				315253FC22CCC00A000F6A8C /* SberbankTest.app */,
			);
			name = Products;
			sourceTree = "<group>";
		};
		315253FE22CCC00A000F6A8C /* SberbankTest */ = {
			isa = PBXGroup;
			children = (
				3152541722CCC870000F6A8C /* PresentationLayer */,
				3152541422CCC7E8000F6A8C /* ApplicationLayer */,
				3152541822CCC887000F6A8C /* Resources */,
			);
			path = SberbankTest;
			sourceTree = "<group>";
		};
		3152541422CCC7E8000F6A8C /* ApplicationLayer */ = {
			isa = PBXGroup;
			children = (
				3139B99122D098AC0093FCEA /* Services */,
				3152546C22CE8484000F6A8C /* CoreDataContainer.swift */,
				3152542222CCDCA2000F6A8C /* Extensions.swift */,
				3152541622CCC831000F6A8C /* Assemblies */,
				3152541522CCC7F9000F6A8C /* LaunchSystem */,
				3139B98F22D0981C0093FCEA /* UITabBarController+some.swift */,
			);
			path = ApplicationLayer;
			sourceTree = "<group>";
		};
		3152541522CCC7F9000F6A8C /* LaunchSystem */ = {
			isa = PBXGroup;
			children = (
				315253FF22CCC00A000F6A8C /* AppDelegate.swift */,
			);
			path = LaunchSystem;
			sourceTree = "<group>";
		};
		3152541622CCC831000F6A8C /* Assemblies */ = {
			isa = PBXGroup;
			children = (
				3152542422CCE027000F6A8C /* Dependencies.swift */,
			);
			path = Assemblies;
			sourceTree = "<group>";
		};
		3152541722CCC870000F6A8C /* PresentationLayer */ = {
			isa = PBXGroup;
			children = (
				3152544422CD0BF9000F6A8C /* TabBar */,
				3152541F22CCD0F4000F6A8C /* Settings */,
				3152541C22CCD0C0000F6A8C /* History */,
				3152541B22CCD0B2000F6A8C /* Translate */,
			);
			path = PresentationLayer;
			sourceTree = "<group>";
		};
		3152541822CCC887000F6A8C /* Resources */ = {
			isa = PBXGroup;
			children = (
				3152540322CCC00A000F6A8C /* Main.storyboard */,
				3152540922CCC00B000F6A8C /* Assets.xcassets */,
				3152540B22CCC00B000F6A8C /* LaunchScreen.storyboard */,
				3152540E22CCC00B000F6A8C /* Info.plist */,
				3152540622CCC00A000F6A8C /* SberbankTest.xcdatamodeld */,
			);
			path = Resources;
			sourceTree = "<group>";
		};
		3152541B22CCD0B2000F6A8C /* Translate */ = {
			isa = PBXGroup;
			children = (
				3152545922CD1F91000F6A8C /* TranslateProtocols.swift */,
				3152543022CCE6F3000F6A8C /* View */,
				3152543322CCE766000F6A8C /* Interactor */,
				3152543222CCE766000F6A8C /* Presenter */,
				3152543122CCE766000F6A8C /* Router */,
			);
			path = Translate;
			sourceTree = "<group>";
		};
		3152541C22CCD0C0000F6A8C /* History */ = {
			isa = PBXGroup;
			children = (
				3152545F22CD2512000F6A8C /* HistoryProtocols.swift */,
				3152543722CCE774000F6A8C /* View */,
				3152543622CCE774000F6A8C /* Interactor */,
				3152543522CCE774000F6A8C /* Presenter */,
				3152543422CCE774000F6A8C /* Router */,
			);
			path = History;
			sourceTree = "<group>";
		};
		3152541F22CCD0F4000F6A8C /* Settings */ = {
			isa = PBXGroup;
			children = (
				3152546122CD2DF9000F6A8C /* SettingsProtocols.swift */,
				3152542C22CCE634000F6A8C /* View */,
				3152542D22CCE645000F6A8C /* Interactor */,
				3152542E22CCE658000F6A8C /* Presenter */,
				3152542F22CCE662000F6A8C /* Router */,
			);
			path = Settings;
			sourceTree = "<group>";
		};
		3152542622CCE1DA000F6A8C /* RootRouter */ = {
			isa = PBXGroup;
			children = (
				3152542722CCE211000F6A8C /* RootRouter.swift */,
			);
			path = RootRouter;
			sourceTree = "<group>";
		};
		3152542922CCE454000F6A8C /* Protocols */ = {
			isa = PBXGroup;
			children = (
				3152544922CD107F000F6A8C /* TabBarProtocols.swift */,
				3152542A22CCE487000F6A8C /* MainTabBarProtocol.swift */,
			);
			path = Protocols;
			sourceTree = "<group>";
		};
		3152542C22CCE634000F6A8C /* View */ = {
			isa = PBXGroup;
			children = (
				3152542022CCD25D000F6A8C /* SettingsViewController.swift */,
			);
			path = View;
			sourceTree = "<group>";
		};
		3152542D22CCE645000F6A8C /* Interactor */ = {
			isa = PBXGroup;
			children = (
				3152546322CD2E6D000F6A8C /* SettingsInteractor.swift */,
			);
			path = Interactor;
			sourceTree = "<group>";
		};
		3152542E22CCE658000F6A8C /* Presenter */ = {
			isa = PBXGroup;
			children = (
				3152546522CD2E7E000F6A8C /* SettingsPresenter.swift */,
			);
			path = Presenter;
			sourceTree = "<group>";
		};
		3152542F22CCE662000F6A8C /* Router */ = {
			isa = PBXGroup;
			children = (
				3152544022CD08C4000F6A8C /* SettingsRouter.swift */,
			);
			path = Router;
			sourceTree = "<group>";
		};
		3152543022CCE6F3000F6A8C /* View */ = {
			isa = PBXGroup;
			children = (
				3152540122CCC00A000F6A8C /* TranslateViewController.swift */,
			);
			path = View;
			sourceTree = "<group>";
		};
		3152543122CCE766000F6A8C /* Router */ = {
			isa = PBXGroup;
			children = (
				3152543A22CCEAB4000F6A8C /* TranslateRouter.swift */,
			);
			path = Router;
			sourceTree = "<group>";
		};
		3152543222CCE766000F6A8C /* Presenter */ = {
			isa = PBXGroup;
			children = (
				3152545722CD1EE9000F6A8C /* TranslatePresenter.swift */,
			);
			path = Presenter;
			sourceTree = "<group>";
		};
		3152543322CCE766000F6A8C /* Interactor */ = {
			isa = PBXGroup;
			children = (
				3152546722CD4F8E000F6A8C /* Entities */,
				3152545522CD1ECE000F6A8C /* TranslateInteractor.swift */,
			);
			path = Interactor;
			sourceTree = "<group>";
		};
		3152543422CCE774000F6A8C /* Router */ = {
			isa = PBXGroup;
			children = (
				3152543C22CD0798000F6A8C /* HistoryRouter.swift */,
			);
			path = Router;
			sourceTree = "<group>";
		};
		3152543522CCE774000F6A8C /* Presenter */ = {
			isa = PBXGroup;
			children = (
				3152545B22CD249F000F6A8C /* HistoryPresenter.swift */,
			);
			path = Presenter;
			sourceTree = "<group>";
		};
		3152543622CCE774000F6A8C /* Interactor */ = {
			isa = PBXGroup;
			children = (
				3152545D22CD24B3000F6A8C /* HistoryInteractor.swift */,
			);
			path = Interactor;
			sourceTree = "<group>";
		};
		3152543722CCE774000F6A8C /* View */ = {
			isa = PBXGroup;
			children = (
				3152541D22CCD0EE000F6A8C /* HistoryViewController.swift */,
				3152546E22CEB4DB000F6A8C /* HistoryCell.swift */,
			);
			path = View;
			sourceTree = "<group>";
		};
		3152544422CD0BF9000F6A8C /* TabBar */ = {
			isa = PBXGroup;
			children = (
				3152545422CD150F000F6A8C /* View */,
				3152542922CCE454000F6A8C /* Protocols */,
				3152545222CD1500000F6A8C /* Presenter */,
				3152545122CD14F7000F6A8C /* Interactor */,
				3152542622CCE1DA000F6A8C /* RootRouter */,
				3152545322CD1508000F6A8C /* Router */,
			);
			path = TabBar;
			sourceTree = "<group>";
		};
		3152545122CD14F7000F6A8C /* Interactor */ = {
			isa = PBXGroup;
			children = (
				3152544F22CD14B1000F6A8C /* TabBarInteractor.swift */,
			);
			path = Interactor;
			sourceTree = "<group>";
		};
		3152545222CD1500000F6A8C /* Presenter */ = {
			isa = PBXGroup;
			children = (
				3152544D22CD12F1000F6A8C /* TabBarPresenter.swift */,
			);
			path = Presenter;
			sourceTree = "<group>";
		};
		3152545322CD1508000F6A8C /* Router */ = {
			isa = PBXGroup;
			children = (
				3152544522CD0CA9000F6A8C /* TabBarRouter.swift */,
			);
			path = Router;
			sourceTree = "<group>";
		};
		3152545422CD150F000F6A8C /* View */ = {
			isa = PBXGroup;
			children = (
				3152544B22CD1217000F6A8C /* TabBarView.swift */,
			);
			path = View;
			sourceTree = "<group>";
		};
		3152546722CD4F8E000F6A8C /* Entities */ = {
			isa = PBXGroup;
			children = (
				3152546822CD5038000F6A8C /* TextResponse.swift */,
				3152546A22CD50C5000F6A8C /* Entities.swift */,
			);
			path = Entities;
			sourceTree = "<group>";
		};
/* End PBXGroup section */

/* Begin PBXNativeTarget section */
		315253FB22CCC00A000F6A8C /* SberbankTest */ = {
			isa = PBXNativeTarget;
			buildConfigurationList = 3152541122CCC00B000F6A8C /* Build configuration list for PBXNativeTarget "SberbankTest" */;
			buildPhases = (
				315253F822CCC00A000F6A8C /* Sources */,
				315253F922CCC00A000F6A8C /* Frameworks */,
				315253FA22CCC00A000F6A8C /* Resources */,
			);
			buildRules = (
			);
			dependencies = (
			);
			name = SberbankTest;
			productName = SberbankTest;
			productReference = 315253FC22CCC00A000F6A8C /* SberbankTest.app */;
			productType = "com.apple.product-type.application";
		};
/* End PBXNativeTarget section */

/* Begin PBXProject section */
		315253F422CCC00A000F6A8C /* Project object */ = {
			isa = PBXProject;
			attributes = {
				LastSwiftUpdateCheck = 1010;
				LastUpgradeCheck = 1010;
				ORGANIZATIONNAME = "Влад Калаев";
				TargetAttributes = {
					315253FB22CCC00A000F6A8C = {
						CreatedOnToolsVersion = 10.1;
					};
				};
			};
			buildConfigurationList = 315253F722CCC00A000F6A8C /* Build configuration list for PBXProject "SberbankTest" */;
			compatibilityVersion = "Xcode 9.3";
			developmentRegion = en;
			hasScannedForEncodings = 0;
			knownRegions = (
				en,
				Base,
			);
			mainGroup = 315253F322CCC00A000F6A8C;
			productRefGroup = 315253FD22CCC00A000F6A8C /* Products */;
			projectDirPath = "";
			projectRoot = "";
			targets = (
				315253FB22CCC00A000F6A8C /* SberbankTest */,
			);
		};
/* End PBXProject section */

/* Begin PBXResourcesBuildPhase section */
		315253FA22CCC00A000F6A8C /* Resources */ = {
			isa = PBXResourcesBuildPhase;
			buildActionMask = 2147483647;
			files = (
				3152540D22CCC00B000F6A8C /* LaunchScreen.storyboard in Resources */,
				3152540A22CCC00B000F6A8C /* Assets.xcassets in Resources */,
				3152540522CCC00A000F6A8C /* Main.storyboard in Resources */,
			);
			runOnlyForDeploymentPostprocessing = 0;
		};
/* End PBXResourcesBuildPhase section */

/* Begin PBXSourcesBuildPhase section */
		315253F822CCC00A000F6A8C /* Sources */ = {
			isa = PBXSourcesBuildPhase;
			buildActionMask = 2147483647;
			files = (
				3152544622CD0CA9000F6A8C /* TabBarRouter.swift in Sources */,
				3152540222CCC00A000F6A8C /* TranslateViewController.swift in Sources */,
				3152540022CCC00A000F6A8C /* AppDelegate.swift in Sources */,
				3152545A22CD1F91000F6A8C /* TranslateProtocols.swift in Sources */,
				3152546922CD5038000F6A8C /* TextResponse.swift in Sources */,
				3152543B22CCEAB4000F6A8C /* TranslateRouter.swift in Sources */,
				3152546D22CE8484000F6A8C /* CoreDataContainer.swift in Sources */,
				3152541E22CCD0EE000F6A8C /* HistoryViewController.swift in Sources */,
				3152546022CD2512000F6A8C /* HistoryProtocols.swift in Sources */,
				3152544E22CD12F1000F6A8C /* TabBarPresenter.swift in Sources */,
				3152542822CCE211000F6A8C /* RootRouter.swift in Sources */,
				3152542522CCE027000F6A8C /* Dependencies.swift in Sources */,
				3152545022CD14B1000F6A8C /* TabBarInteractor.swift in Sources */,
				3152542B22CCE487000F6A8C /* MainTabBarProtocol.swift in Sources */,
				3152540822CCC00A000F6A8C /* SberbankTest.xcdatamodeld in Sources */,
				3152544A22CD107F000F6A8C /* TabBarProtocols.swift in Sources */,
				3139B99322D09AD80093FCEA /* TranslateService.swift in Sources */,
				3152545822CD1EE9000F6A8C /* TranslatePresenter.swift in Sources */,
				3152545E22CD24B3000F6A8C /* HistoryInteractor.swift in Sources */,
				3152546B22CD50C5000F6A8C /* Entities.swift in Sources */,
				3152542122CCD25D000F6A8C /* SettingsViewController.swift in Sources */,
				3152543D22CD0798000F6A8C /* HistoryRouter.swift in Sources */,
				3139B99022D0981C0093FCEA /* UITabBarController+some.swift in Sources */,
				3152545C22CD249F000F6A8C /* HistoryPresenter.swift in Sources */,
				3152546222CD2DF9000F6A8C /* SettingsProtocols.swift in Sources */,
				3152545622CD1ECE000F6A8C /* TranslateInteractor.swift in Sources */,
				3152546F22CEB4DB000F6A8C /* HistoryCell.swift in Sources */,
				3152542322CCDCA2000F6A8C /* Extensions.swift in Sources */,
				3152544C22CD1217000F6A8C /* TabBarView.swift in Sources */,
				3152544122CD08C4000F6A8C /* SettingsRouter.swift in Sources */,
				3152546422CD2E6D000F6A8C /* SettingsInteractor.swift in Sources */,
				3152546622CD2E7E000F6A8C /* SettingsPresenter.swift in Sources */,
			);
			runOnlyForDeploymentPostprocessing = 0;
		};
/* End PBXSourcesBuildPhase section */

/* Begin PBXVariantGroup section */
		3152540322CCC00A000F6A8C /* Main.storyboard */ = {
			isa = PBXVariantGroup;
			children = (
				3152540422CCC00A000F6A8C /* Base */,
			);
			name = Main.storyboard;
			sourceTree = "<group>";
		};
		3152540B22CCC00B000F6A8C /* LaunchScreen.storyboard */ = {
			isa = PBXVariantGroup;
			children = (
				3152540C22CCC00B000F6A8C /* Base */,
			);
			name = LaunchScreen.storyboard;
			sourceTree = "<group>";
		};
/* End PBXVariantGroup section */

/* Begin XCBuildConfiguration section */
		3152540F22CCC00B000F6A8C /* Debug */ = {
			isa = XCBuildConfiguration;
			buildSettings = {
				ALWAYS_SEARCH_USER_PATHS = NO;
				CLANG_ANALYZER_NONNULL = YES;
				CLANG_ANALYZER_NUMBER_OBJECT_CONVERSION = YES_AGGRESSIVE;
				CLANG_CXX_LANGUAGE_STANDARD = "gnu++14";
				CLANG_CXX_LIBRARY = "libc++";
				CLANG_ENABLE_MODULES = YES;
				CLANG_ENABLE_OBJC_ARC = YES;
				CLANG_ENABLE_OBJC_WEAK = YES;
				CLANG_WARN_BLOCK_CAPTURE_AUTORELEASING = YES;
				CLANG_WARN_BOOL_CONVERSION = YES;
				CLANG_WARN_COMMA = YES;
				CLANG_WARN_CONSTANT_CONVERSION = YES;
				CLANG_WARN_DEPRECATED_OBJC_IMPLEMENTATIONS = YES;
				CLANG_WARN_DIRECT_OBJC_ISA_USAGE = YES_ERROR;
				CLANG_WARN_DOCUMENTATION_COMMENTS = YES;
				CLANG_WARN_EMPTY_BODY = YES;
				CLANG_WARN_ENUM_CONVERSION = YES;
				CLANG_WARN_INFINITE_RECURSION = YES;
				CLANG_WARN_INT_CONVERSION = YES;
				CLANG_WARN_NON_LITERAL_NULL_CONVERSION = YES;
				CLANG_WARN_OBJC_IMPLICIT_RETAIN_SELF = YES;
				CLANG_WARN_OBJC_LITERAL_CONVERSION = YES;
				CLANG_WARN_OBJC_ROOT_CLASS = YES_ERROR;
				CLANG_WARN_RANGE_LOOP_ANALYSIS = YES;
				CLANG_WARN_STRICT_PROTOTYPES = YES;
				CLANG_WARN_SUSPICIOUS_MOVE = YES;
				CLANG_WARN_UNGUARDED_AVAILABILITY = YES_AGGRESSIVE;
				CLANG_WARN_UNREACHABLE_CODE = YES;
				CLANG_WARN__DUPLICATE_METHOD_MATCH = YES;
				CODE_SIGN_IDENTITY = "iPhone Developer";
				COPY_PHASE_STRIP = NO;
				DEBUG_INFORMATION_FORMAT = dwarf;
				ENABLE_STRICT_OBJC_MSGSEND = YES;
				ENABLE_TESTABILITY = YES;
				GCC_C_LANGUAGE_STANDARD = gnu11;
				GCC_DYNAMIC_NO_PIC = NO;
				GCC_NO_COMMON_BLOCKS = YES;
				GCC_OPTIMIZATION_LEVEL = 0;
				GCC_PREPROCESSOR_DEFINITIONS = (
					"DEBUG=1",
					"$(inherited)",
				);
				GCC_WARN_64_TO_32_BIT_CONVERSION = YES;
				GCC_WARN_ABOUT_RETURN_TYPE = YES_ERROR;
				GCC_WARN_UNDECLARED_SELECTOR = YES;
				GCC_WARN_UNINITIALIZED_AUTOS = YES_AGGRESSIVE;
				GCC_WARN_UNUSED_FUNCTION = YES;
				GCC_WARN_UNUSED_VARIABLE = YES;
				IPHONEOS_DEPLOYMENT_TARGET = 12.1;
				MTL_ENABLE_DEBUG_INFO = INCLUDE_SOURCE;
				MTL_FAST_MATH = YES;
				ONLY_ACTIVE_ARCH = YES;
				SDKROOT = iphoneos;
				SWIFT_ACTIVE_COMPILATION_CONDITIONS = DEBUG;
				SWIFT_OPTIMIZATION_LEVEL = "-Onone";
			};
			name = Debug;
		};
		3152541022CCC00B000F6A8C /* Release */ = {
			isa = XCBuildConfiguration;
			buildSettings = {
				ALWAYS_SEARCH_USER_PATHS = NO;
				CLANG_ANALYZER_NONNULL = YES;
				CLANG_ANALYZER_NUMBER_OBJECT_CONVERSION = YES_AGGRESSIVE;
				CLANG_CXX_LANGUAGE_STANDARD = "gnu++14";
				CLANG_CXX_LIBRARY = "libc++";
				CLANG_ENABLE_MODULES = YES;
				CLANG_ENABLE_OBJC_ARC = YES;
				CLANG_ENABLE_OBJC_WEAK = YES;
				CLANG_WARN_BLOCK_CAPTURE_AUTORELEASING = YES;
				CLANG_WARN_BOOL_CONVERSION = YES;
				CLANG_WARN_COMMA = YES;
				CLANG_WARN_CONSTANT_CONVERSION = YES;
				CLANG_WARN_DEPRECATED_OBJC_IMPLEMENTATIONS = YES;
				CLANG_WARN_DIRECT_OBJC_ISA_USAGE = YES_ERROR;
				CLANG_WARN_DOCUMENTATION_COMMENTS = YES;
				CLANG_WARN_EMPTY_BODY = YES;
				CLANG_WARN_ENUM_CONVERSION = YES;
				CLANG_WARN_INFINITE_RECURSION = YES;
				CLANG_WARN_INT_CONVERSION = YES;
				CLANG_WARN_NON_LITERAL_NULL_CONVERSION = YES;
				CLANG_WARN_OBJC_IMPLICIT_RETAIN_SELF = YES;
				CLANG_WARN_OBJC_LITERAL_CONVERSION = YES;
				CLANG_WARN_OBJC_ROOT_CLASS = YES_ERROR;
				CLANG_WARN_RANGE_LOOP_ANALYSIS = YES;
				CLANG_WARN_STRICT_PROTOTYPES = YES;
				CLANG_WARN_SUSPICIOUS_MOVE = YES;
				CLANG_WARN_UNGUARDED_AVAILABILITY = YES_AGGRESSIVE;
				CLANG_WARN_UNREACHABLE_CODE = YES;
				CLANG_WARN__DUPLICATE_METHOD_MATCH = YES;
				CODE_SIGN_IDENTITY = "iPhone Developer";
				COPY_PHASE_STRIP = NO;
				DEBUG_INFORMATION_FORMAT = "dwarf-with-dsym";
				ENABLE_NS_ASSERTIONS = NO;
				ENABLE_STRICT_OBJC_MSGSEND = YES;
				GCC_C_LANGUAGE_STANDARD = gnu11;
				GCC_NO_COMMON_BLOCKS = YES;
				GCC_WARN_64_TO_32_BIT_CONVERSION = YES;
				GCC_WARN_ABOUT_RETURN_TYPE = YES_ERROR;
				GCC_WARN_UNDECLARED_SELECTOR = YES;
				GCC_WARN_UNINITIALIZED_AUTOS = YES_AGGRESSIVE;
				GCC_WARN_UNUSED_FUNCTION = YES;
				GCC_WARN_UNUSED_VARIABLE = YES;
				IPHONEOS_DEPLOYMENT_TARGET = 12.1;
				MTL_ENABLE_DEBUG_INFO = NO;
				MTL_FAST_MATH = YES;
				SDKROOT = iphoneos;
				SWIFT_COMPILATION_MODE = wholemodule;
				SWIFT_OPTIMIZATION_LEVEL = "-O";
				VALIDATE_PRODUCT = YES;
			};
			name = Release;
		};
		3152541222CCC00B000F6A8C /* Debug */ = {
			isa = XCBuildConfiguration;
			buildSettings = {
				ASSETCATALOG_COMPILER_APPICON_NAME = AppIcon;
				CODE_SIGN_STYLE = Automatic;
				DEVELOPMENT_TEAM = N89Q9ZJQ5N;
				INFOPLIST_FILE = "$(SRCROOT)/SberbankTest/Resources/Info.plist";
				IPHONEOS_DEPLOYMENT_TARGET = 11.0;
				LD_RUNPATH_SEARCH_PATHS = (
					"$(inherited)",
					"@executable_path/Frameworks",
				);
				PRODUCT_BUNDLE_IDENTIFIER = VK.SberbankTest;
				PRODUCT_NAME = "$(TARGET_NAME)";
				SWIFT_VERSION = 4.2;
				TARGETED_DEVICE_FAMILY = 1;
			};
			name = Debug;
		};
		3152541322CCC00B000F6A8C /* Release */ = {
			isa = XCBuildConfiguration;
			buildSettings = {
				ASSETCATALOG_COMPILER_APPICON_NAME = AppIcon;
				CODE_SIGN_STYLE = Automatic;
				DEVELOPMENT_TEAM = N89Q9ZJQ5N;
				INFOPLIST_FILE = "$(SRCROOT)/SberbankTest/Resources/Info.plist";
				IPHONEOS_DEPLOYMENT_TARGET = 11.0;
				LD_RUNPATH_SEARCH_PATHS = (
					"$(inherited)",
					"@executable_path/Frameworks",
				);
				PRODUCT_BUNDLE_IDENTIFIER = VK.SberbankTest;
				PRODUCT_NAME = "$(TARGET_NAME)";
				SWIFT_VERSION = 4.2;
				TARGETED_DEVICE_FAMILY = 1;
			};
			name = Release;
		};
/* End XCBuildConfiguration section */

/* Begin XCConfigurationList section */
		315253F722CCC00A000F6A8C /* Build configuration list for PBXProject "SberbankTest" */ = {
			isa = XCConfigurationList;
			buildConfigurations = (
				3152540F22CCC00B000F6A8C /* Debug */,
				3152541022CCC00B000F6A8C /* Release */,
			);
			defaultConfigurationIsVisible = 0;
			defaultConfigurationName = Release;
		};
		3152541122CCC00B000F6A8C /* Build configuration list for PBXNativeTarget "SberbankTest" */ = {
			isa = XCConfigurationList;
			buildConfigurations = (
				3152541222CCC00B000F6A8C /* Debug */,
				3152541322CCC00B000F6A8C /* Release */,
			);
			defaultConfigurationIsVisible = 0;
			defaultConfigurationName = Release;
		};
/* End XCConfigurationList section */

/* Begin XCVersionGroup section */
		3152540622CCC00A000F6A8C /* SberbankTest.xcdatamodeld */ = {
			isa = XCVersionGroup;
			children = (
				3152540722CCC00A000F6A8C /* SberbankTest.xcdatamodel */,
			);
			currentVersion = 3152540722CCC00A000F6A8C /* SberbankTest.xcdatamodel */;
			path = SberbankTest.xcdatamodeld;
			sourceTree = "<group>";
			versionGroupType = wrapper.xcdatamodel;
		};
/* End XCVersionGroup section */
	};
	rootObject = 315253F422CCC00A000F6A8C /* Project object */;
}
